
Microsoft Visual Studio Solution File, Format Version 12.00
# Visual Studio Version 16
VisualStudioVersion = 25.0.1706.0
MinimumVisualStudioVersion = 10.0.40219.1
Project("{FAE04EC0-301F-11D3-BF4B-00C04F79EFBC}") = "CreateSasToken", "CreateSasToken\CreateSasToken.csproj", "{75AE6031-2DC6-4FA9-8271-7CE64C209C0A}"
EndProject
Global
	GlobalSection(SolutionConfigurationPlatforms) = preSolution
		Debug|Any CPU = Debug|Any CPU
		Release|Any CPU = Release|Any CPU
	EndGlobalSection
	GlobalSection(ProjectConfigurationPlatforms) = postSolution
		{75AE6031-2DC6-4FA9-8271-7CE64C209C0A}.Debug|Any CPU.ActiveCfg = Debug|Any CPU
		{75AE6031-2DC6-4FA9-8271-7CE64C209C0A}.Debug|Any CPU.Build.0 = Debug|Any CPU
		{75AE6031-2DC6-4FA9-8271-7CE64C209C0A}.Release|Any CPU.ActiveCfg = Release|Any CPU
		{75AE6031-2DC6-4FA9-8271-7CE64C209C0A}.Release|Any CPU.Build.0 = Release|Any CPU
	EndGlobalSection
	GlobalSection(SolutionProperties) = preSolution
		HideSolutionNode = FALSE
	EndGlobalSection
	GlobalSection(ExtensibilityGlobals) = postSolution
		SolutionGuid = {8B788371-40FB-478E-8656-EE20862B8B87}
	EndGlobalSection
EndGlobal
